
Microsoft Visual Studio Solution File, Format Version 12.00
# Visual Studio Version 16
VisualStudioVersion = 16.0.30413.136
MinimumVisualStudioVersion = 10.0.40219.1
Project("{FAE04EC0-301F-11D3-BF4B-00C04F79EFBC}") = "MagazineStoreChallenge", "MagazineStoreChallenge.csproj", "{8CA3359A-DDE6-4BF4-B48D-F5D4425A44E9}"
EndProject
Global
	GlobalSection(SolutionConfigurationPlatforms) = preSolution
		Debug|Any CPU = Debug|Any CPU
		Release|Any CPU = Release|Any CPU
	EndGlobalSection
	GlobalSection(ProjectConfigurationPlatforms) = postSolution
		{8CA3359A-DDE6-4BF4-B48D-F5D4425A44E9}.Debug|Any CPU.ActiveCfg = Debug|Any CPU
		{8CA3359A-DDE6-4BF4-B48D-F5D4425A44E9}.Debug|Any CPU.Build.0 = Debug|Any CPU
		{8CA3359A-DDE6-4BF4-B48D-F5D4425A44E9}.Release|Any CPU.ActiveCfg = Release|Any CPU
		{8CA3359A-DDE6-4BF4-B48D-F5D4425A44E9}.Release|Any CPU.Build.0 = Release|Any CPU
	EndGlobalSection
	GlobalSection(SolutionProperties) = preSolution
		HideSolutionNode = FALSE
	EndGlobalSection
	GlobalSection(ExtensibilityGlobals) = postSolution
		SolutionGuid = {EDEC5C0C-78E9-45C1-8743-3BCABF579468}
	EndGlobalSection
EndGlobal
